
Microsoft Visual Studio Solution File, Format Version 12.00
# Visual Studio Version 16
VisualStudioVersion = 16.0.32630.194
MinimumVisualStudioVersion = 10.0.40219.1
Project("{FAE04EC0-301F-11D3-BF4B-00C04F79EFBC}") = "Licao11-08-22IBM", "Licao11-08-22IBM\Licao11-08-22IBM.csproj", "{077BA01C-D252-449E-9F0D-F1D409317965}"
EndProject
Global
	GlobalSection(SolutionConfigurationPlatforms) = preSolution
		Debug|Any CPU = Debug|Any CPU
		Release|Any CPU = Release|Any CPU
	EndGlobalSection
	GlobalSection(ProjectConfigurationPlatforms) = postSolution
		{077BA01C-D252-449E-9F0D-F1D409317965}.Debug|Any CPU.ActiveCfg = Debug|Any CPU
		{077BA01C-D252-449E-9F0D-F1D409317965}.Debug|Any CPU.Build.0 = Debug|Any CPU
		{077BA01C-D252-449E-9F0D-F1D409317965}.Release|Any CPU.ActiveCfg = Release|Any CPU
		{077BA01C-D252-449E-9F0D-F1D409317965}.Release|Any CPU.Build.0 = Release|Any CPU
	EndGlobalSection
	GlobalSection(SolutionProperties) = preSolution
		HideSolutionNode = FALSE
	EndGlobalSection
	GlobalSection(ExtensibilityGlobals) = postSolution
		SolutionGuid = {50308DC7-71DD-4985-BB61-F524617EF770}
	EndGlobalSection
EndGlobal
